
Microsoft Visual Studio Solution File, Format Version 12.00
# Visual Studio Version 16
VisualStudioVersion = 16.0.29418.71
MinimumVisualStudioVersion = 10.0.40219.1
Project("{FAE04EC0-301F-11D3-BF4B-00C04F79EFBC}") = "Lab 4.5", "Lab 4.5\Lab 4.5.csproj", "{6D6AE780-7CBA-40DD-B7C5-2EC8ABD814BD}"
EndProject
Global
	GlobalSection(SolutionConfigurationPlatforms) = preSolution
		Debug|Any CPU = Debug|Any CPU
		Release|Any CPU = Release|Any CPU
	EndGlobalSection
	GlobalSection(ProjectConfigurationPlatforms) = postSolution
		{6D6AE780-7CBA-40DD-B7C5-2EC8ABD814BD}.Debug|Any CPU.ActiveCfg = Debug|Any CPU
		{6D6AE780-7CBA-40DD-B7C5-2EC8ABD814BD}.Debug|Any CPU.Build.0 = Debug|Any CPU
		{6D6AE780-7CBA-40DD-B7C5-2EC8ABD814BD}.Release|Any CPU.ActiveCfg = Release|Any CPU
		{6D6AE780-7CBA-40DD-B7C5-2EC8ABD814BD}.Release|Any CPU.Build.0 = Release|Any CPU
	EndGlobalSection
	GlobalSection(SolutionProperties) = preSolution
		HideSolutionNode = FALSE
	EndGlobalSection
	GlobalSection(ExtensibilityGlobals) = postSolution
		SolutionGuid = {82545E36-D1F3-4F58-9C41-B18EA44098AD}
	EndGlobalSection
EndGlobal
